# This file is generated by running "yarn install" inside your project.
# Manual changes might be lost - proceed with caution!

__metadata:
  version: 8
  cacheKey: 10c0

"csv-parse@npm:^5.6.0":
  version: 5.6.0
  resolution: "csv-parse@npm:5.6.0"
  checksum: 10c0/52f5e6c45359902e0c8e57fc2eeed41366dc6b6d283b495b538dd50c8e8510413d6f924096ea056319cbbb8ed26e111c3a3485d7985c021bcf5abaa9e92425c7
  languageName: node
  linkType: hard

"desafio-01-fundamentos-nodejs@workspace:.":
  version: 0.0.0-use.local
  resolution: "desafio-01-fundamentos-nodejs@workspace:."
  dependencies:
    csv-parse: "npm:^5.6.0"
  languageName: unknown
  linkType: soft
