# This file is generated by running "yarn install" inside your project.
# Manual changes might be lost - proceed with caution!

__metadata:
  version: 8
  cacheKey: 10c0

"desafio-01-fundamentos-nodejs@workspace:.":
  version: 0.0.0-use.local
  resolution: "desafio-01-fundamentos-nodejs@workspace:."
  languageName: unknown
  linkType: soft
